
Microsoft Visual Studio Solution File, Format Version 12.00
# Visual Studio Version 17
VisualStudioVersion = 17.4.33403.182
MinimumVisualStudioVersion = 10.0.40219.1
Project("{9A19103F-16F7-4668-BE54-9A1E7A4F7556}") = "BrainFuck", "Brain(F-word)\BrainFuck.csproj", "{21A6B4B1-E45B-4645-87AB-971E56DE9940}"
EndProject
Project("{9A19103F-16F7-4668-BE54-9A1E7A4F7556}") = "Example", "Example\Example.csproj", "{5126DC01-21D6-46A7-A814-35FB6A38B5F2}"
EndProject
Global
	GlobalSection(SolutionConfigurationPlatforms) = preSolution
		Debug|Any CPU = Debug|Any CPU
		Release|Any CPU = Release|Any CPU
	EndGlobalSection
	GlobalSection(ProjectConfigurationPlatforms) = postSolution
		{21A6B4B1-E45B-4645-87AB-971E56DE9940}.Debug|Any CPU.ActiveCfg = Debug|Any CPU
		{21A6B4B1-E45B-4645-87AB-971E56DE9940}.Debug|Any CPU.Build.0 = Debug|Any CPU
		{21A6B4B1-E45B-4645-87AB-971E56DE9940}.Release|Any CPU.ActiveCfg = Release|Any CPU
		{21A6B4B1-E45B-4645-87AB-971E56DE9940}.Release|Any CPU.Build.0 = Release|Any CPU
		{5126DC01-21D6-46A7-A814-35FB6A38B5F2}.Debug|Any CPU.ActiveCfg = Debug|Any CPU
		{5126DC01-21D6-46A7-A814-35FB6A38B5F2}.Debug|Any CPU.Build.0 = Debug|Any CPU
		{5126DC01-21D6-46A7-A814-35FB6A38B5F2}.Release|Any CPU.ActiveCfg = Release|Any CPU
		{5126DC01-21D6-46A7-A814-35FB6A38B5F2}.Release|Any CPU.Build.0 = Release|Any CPU
	EndGlobalSection
	GlobalSection(SolutionProperties) = preSolution
		HideSolutionNode = FALSE
	EndGlobalSection
	GlobalSection(ExtensibilityGlobals) = postSolution
		SolutionGuid = {A48F1963-7A15-416D-894A-A0568EB7BDB2}
	EndGlobalSection
EndGlobal
